
Microsoft Visual Studio Solution File, Format Version 12.00
# Visual Studio Version 16
VisualStudioVersion = 16.0.30413.136
MinimumVisualStudioVersion = 10.0.40219.1
Project("{9A19103F-16F7-4668-BE54-9A1E7A4F7556}") = "Neo4j.Driver.Extensions", "Neo4j.Driver.Extensions\Neo4j.Driver.Extensions.csproj", "{6CF55608-068D-4435-B86C-8C31D4818829}"
EndProject
Project("{FAE04EC0-301F-11D3-BF4B-00C04F79EFBC}") = "Neo4j.Drivers.Extensions.Tests", "Neo4j.Drivers.Extensions.Tests\Neo4j.Drivers.Extensions.Tests.csproj", "{ADD8C4DC-C77A-49A2-BBCD-70C9940D29AF}"
EndProject
Project("{2150E333-8FDC-42A3-9474-1A3956D46DE8}") = "Solution Items", "Solution Items", "{9C7C8A83-5A37-471F-9406-7C9385259491}"
	ProjectSection(SolutionItems) = preProject
		.gitignore = .gitignore
		LICENSE = LICENSE
		README.md = README.md
	EndProjectSection
EndProject
Global
	GlobalSection(SolutionConfigurationPlatforms) = preSolution
		Debug|Any CPU = Debug|Any CPU
		Release|Any CPU = Release|Any CPU
	EndGlobalSection
	GlobalSection(ProjectConfigurationPlatforms) = postSolution
		{6CF55608-068D-4435-B86C-8C31D4818829}.Debug|Any CPU.ActiveCfg = Debug|Any CPU
		{6CF55608-068D-4435-B86C-8C31D4818829}.Debug|Any CPU.Build.0 = Debug|Any CPU
		{6CF55608-068D-4435-B86C-8C31D4818829}.Release|Any CPU.ActiveCfg = Release|Any CPU
		{6CF55608-068D-4435-B86C-8C31D4818829}.Release|Any CPU.Build.0 = Release|Any CPU
		{ADD8C4DC-C77A-49A2-BBCD-70C9940D29AF}.Debug|Any CPU.ActiveCfg = Debug|Any CPU
		{ADD8C4DC-C77A-49A2-BBCD-70C9940D29AF}.Debug|Any CPU.Build.0 = Debug|Any CPU
		{ADD8C4DC-C77A-49A2-BBCD-70C9940D29AF}.Release|Any CPU.ActiveCfg = Release|Any CPU
		{ADD8C4DC-C77A-49A2-BBCD-70C9940D29AF}.Release|Any CPU.Build.0 = Release|Any CPU
	EndGlobalSection
	GlobalSection(SolutionProperties) = preSolution
		HideSolutionNode = FALSE
	EndGlobalSection
	GlobalSection(ExtensibilityGlobals) = postSolution
		SolutionGuid = {DDC208BD-E193-4BAA-AACB-4B8D2BA0600D}
	EndGlobalSection
EndGlobal
